# This file is automatically @generated by Cargo.
# It is not intended for manual editing.
version = 4

[[package]]
name = "hex-grid"
version = "0.1.0"
source = "git+https://github.com/Conztant/hex-grid#4630d6ea8d62d3d3d017efefab4212a5f16054b0"

[[package]]
name = "hex-map"
version = "0.1.0"
dependencies = [
 "hex-grid",
]
